
Microsoft Visual Studio Solution File, Format Version 12.00
# Visual Studio Version 17
VisualStudioVersion = 17.14.35821.62
MinimumVisualStudioVersion = 10.0.40219.1
Project("{FAE04EC0-301F-11D3-BF4B-00C04F79EFBC}") = "DevFreela.API", "DevFreela.API\DevFreela.API.csproj", "{ABD3CAD7-D4E2-496C-B2E4-10E41F0721A9}"
EndProject
Project("{FAE04EC0-301F-11D3-BF4B-00C04F79EFBC}") = "DevFreela.Application", "DevFreela.Application\DevFreela.Application.csproj", "{46ECB06F-43A3-43BE-8BE9-BDFEA2966209}"
EndProject
Project("{FAE04EC0-301F-11D3-BF4B-00C04F79EFBC}") = "DevFreela.Infrastructure", "DevFreela.Infrastructure\DevFreela.Infrastructure.csproj", "{4B113D6C-6AAA-4FA8-B257-33F5AE5D0BF0}"
EndProject
Project("{FAE04EC0-301F-11D3-BF4B-00C04F79EFBC}") = "DevFreela.Core", "DevFreela.Core\DevFreela.Core.csproj", "{E321F775-25F2-436D-8BD6-4CCA76DF6F45}"
EndProject
Project("{FAE04EC0-301F-11D3-BF4B-00C04F79EFBC}") = "DevFreela.UnitTests", "DevFreela.UnitTests\DevFreela.UnitTests.csproj", "{F1615A69-C635-4D8D-B781-909401691D0C}"
EndProject
Global
	GlobalSection(SolutionConfigurationPlatforms) = preSolution
		Debug|Any CPU = Debug|Any CPU
		Release|Any CPU = Release|Any CPU
	EndGlobalSection
	GlobalSection(ProjectConfigurationPlatforms) = postSolution
		{ABD3CAD7-D4E2-496C-B2E4-10E41F0721A9}.Debug|Any CPU.ActiveCfg = Debug|Any CPU
		{ABD3CAD7-D4E2-496C-B2E4-10E41F0721A9}.Debug|Any CPU.Build.0 = Debug|Any CPU
		{ABD3CAD7-D4E2-496C-B2E4-10E41F0721A9}.Release|Any CPU.ActiveCfg = Release|Any CPU
		{ABD3CAD7-D4E2-496C-B2E4-10E41F0721A9}.Release|Any CPU.Build.0 = Release|Any CPU
		{46ECB06F-43A3-43BE-8BE9-BDFEA2966209}.Debug|Any CPU.ActiveCfg = Debug|Any CPU
		{46ECB06F-43A3-43BE-8BE9-BDFEA2966209}.Debug|Any CPU.Build.0 = Debug|Any CPU
		{46ECB06F-43A3-43BE-8BE9-BDFEA2966209}.Release|Any CPU.ActiveCfg = Release|Any CPU
		{46ECB06F-43A3-43BE-8BE9-BDFEA2966209}.Release|Any CPU.Build.0 = Release|Any CPU
		{4B113D6C-6AAA-4FA8-B257-33F5AE5D0BF0}.Debug|Any CPU.ActiveCfg = Debug|Any CPU
		{4B113D6C-6AAA-4FA8-B257-33F5AE5D0BF0}.Debug|Any CPU.Build.0 = Debug|Any CPU
		{4B113D6C-6AAA-4FA8-B257-33F5AE5D0BF0}.Release|Any CPU.ActiveCfg = Release|Any CPU
		{4B113D6C-6AAA-4FA8-B257-33F5AE5D0BF0}.Release|Any CPU.Build.0 = Release|Any CPU
		{E321F775-25F2-436D-8BD6-4CCA76DF6F45}.Debug|Any CPU.ActiveCfg = Debug|Any CPU
		{E321F775-25F2-436D-8BD6-4CCA76DF6F45}.Debug|Any CPU.Build.0 = Debug|Any CPU
		{E321F775-25F2-436D-8BD6-4CCA76DF6F45}.Release|Any CPU.ActiveCfg = Release|Any CPU
		{E321F775-25F2-436D-8BD6-4CCA76DF6F45}.Release|Any CPU.Build.0 = Release|Any CPU
		{F1615A69-C635-4D8D-B781-909401691D0C}.Debug|Any CPU.ActiveCfg = Debug|Any CPU
		{F1615A69-C635-4D8D-B781-909401691D0C}.Debug|Any CPU.Build.0 = Debug|Any CPU
		{F1615A69-C635-4D8D-B781-909401691D0C}.Release|Any CPU.ActiveCfg = Release|Any CPU
		{F1615A69-C635-4D8D-B781-909401691D0C}.Release|Any CPU.Build.0 = Release|Any CPU
	EndGlobalSection
	GlobalSection(SolutionProperties) = preSolution
		HideSolutionNode = FALSE
	EndGlobalSection
	GlobalSection(ExtensibilityGlobals) = postSolution
		SolutionGuid = {B31C1C5F-A845-4CD2-8A75-94775DF1BC2B}
	EndGlobalSection
EndGlobal
